
Microsoft Visual Studio Solution File, Format Version 12.00
# Visual Studio 15
VisualStudioVersion = 15.0.27703.2042
MinimumVisualStudioVersion = 10.0.40219.1
Project("{FAE04EC0-301F-11D3-BF4B-00C04F79EFBC}") = "music", "music.csproj", "{9881ADF9-5E33-4925-B5CF-06DA16CE13F4}"
EndProject
Global
	GlobalSection(SolutionConfigurationPlatforms) = preSolution
		Debug|Any CPU = Debug|Any CPU
		Release|Any CPU = Release|Any CPU
	EndGlobalSection
	GlobalSection(ProjectConfigurationPlatforms) = postSolution
		{9881ADF9-5E33-4925-B5CF-06DA16CE13F4}.Debug|Any CPU.ActiveCfg = Debug|Any CPU
		{9881ADF9-5E33-4925-B5CF-06DA16CE13F4}.Debug|Any CPU.Build.0 = Debug|Any CPU
		{9881ADF9-5E33-4925-B5CF-06DA16CE13F4}.Release|Any CPU.ActiveCfg = Release|Any CPU
		{9881ADF9-5E33-4925-B5CF-06DA16CE13F4}.Release|Any CPU.Build.0 = Release|Any CPU
	EndGlobalSection
	GlobalSection(SolutionProperties) = preSolution
		HideSolutionNode = FALSE
	EndGlobalSection
	GlobalSection(ExtensibilityGlobals) = postSolution
		SolutionGuid = {39207740-1C60-4B33-8D40-BE54E057A230}
	EndGlobalSection
EndGlobal
